
Microsoft Visual Studio Solution File, Format Version 12.00
# Visual Studio 15
VisualStudioVersion = 15.0.28307.438
MinimumVisualStudioVersion = 10.0.40219.1
Project("{8BC9CEB8-8B4A-11D0-8D11-00A0C91BC942}") = "student-data-library", "student-data-library\student-data-library.vcxproj", "{BC68E74B-35D9-4A9D-9AAA-4DDD2F6A4AEF}"
EndProject
Global
	GlobalSection(SolutionConfigurationPlatforms) = preSolution
		Debug|x64 = Debug|x64
		Debug|x86 = Debug|x86
		Release|x64 = Release|x64
		Release|x86 = Release|x86
	EndGlobalSection
	GlobalSection(ProjectConfigurationPlatforms) = postSolution
		{BC68E74B-35D9-4A9D-9AAA-4DDD2F6A4AEF}.Debug|x64.ActiveCfg = Debug|x64
		{BC68E74B-35D9-4A9D-9AAA-4DDD2F6A4AEF}.Debug|x64.Build.0 = Debug|x64
		{BC68E74B-35D9-4A9D-9AAA-4DDD2F6A4AEF}.Debug|x86.ActiveCfg = Debug|Win32
		{BC68E74B-35D9-4A9D-9AAA-4DDD2F6A4AEF}.Debug|x86.Build.0 = Debug|Win32
		{BC68E74B-35D9-4A9D-9AAA-4DDD2F6A4AEF}.Release|x64.ActiveCfg = Release|x64
		{BC68E74B-35D9-4A9D-9AAA-4DDD2F6A4AEF}.Release|x64.Build.0 = Release|x64
		{BC68E74B-35D9-4A9D-9AAA-4DDD2F6A4AEF}.Release|x86.ActiveCfg = Release|Win32
		{BC68E74B-35D9-4A9D-9AAA-4DDD2F6A4AEF}.Release|x86.Build.0 = Release|Win32
	EndGlobalSection
	GlobalSection(SolutionProperties) = preSolution
		HideSolutionNode = FALSE
	EndGlobalSection
	GlobalSection(ExtensibilityGlobals) = postSolution
		SolutionGuid = {0944214E-39D1-4B81-B1C8-940A1508F3D6}
	EndGlobalSection
EndGlobal
